{
  "name": "learnsystemjs",
  "version": "1.0.0",
  "lockfileVersion": 1,
  "requires": true,
  "dependencies": {
    "systemjs": {
      "version": "6.3.3",
      "resolved": "https://registry.npm.taobao.org/systemjs/download/systemjs-6.3.3.tgz",
      "integrity": "sha1-wPK+xcxy0LNqi5cbH6Mr/IKLUNQ="
    }
  }
}
