{
  "name": "x6",
  "version": "1.0.0",
  "lockfileVersion": 1,
  "requires": true,
  "dependencies": {
    "@antv/g-webgpu": {
      "version": "0.5.5",
      "resolved": "https://bnpm.byted.org/@antv/g-webgpu/-/@antv/g-webgpu-0.5.5.tgz",
      "integrity": "sha1-AD1BFFPtA+fdkWvWxtsmorU9GZE=",
      "requires": {
        "@antv/g-webgpu-core": "^0.5.5",
        "@antv/g-webgpu-engine": "^0.5.5",
        "@webgpu/types": "^0.0.31",
        "gl-matrix": "^3.1.0",
        "gl-vec2": "^1.3.0",
        "hammerjs": "^2.0.8",
        "inversify": "^5.0.1",
        "inversify-inject-decorators": "^3.1.0",
        "polyline-miter-util": "^1.0.1",
        "polyline-normals": "^2.0.2",
        "probe.gl": "^3.1.1",
        "reflect-metadata": "^0.1.13"
      }
    },
    "@antv/g-webgpu-core": {
      "version": "0.5.6",
      "resolved": "https://bnpm.byted.org/@antv/g-webgpu-core/-/@antv/g-webgpu-core-0.5.6.tgz",
      "integrity": "sha1-aM3gtdC0S1eUNxwlI2gvRzTaPGw=",
      "requires": {
        "eventemitter3": "^4.0.0",
        "gl-matrix": "^3.1.0",
        "inversify": "^5.0.1",
        "inversify-inject-decorators": "^3.1.0",
        "probe.gl": "^3.1.1",
        "reflect-metadata": "^0.1.13"
      }
    },
    "@antv/g-webgpu-engine": {
      "version": "0.5.6",
      "resolved": "https://bnpm.byted.org/@antv/g-webgpu-engine/-/@antv/g-webgpu-engine-0.5.6.tgz",
      "integrity": "sha1-vnwb+OSxgi1yowLWKANDReBXe70=",
      "requires": {
        "@antv/g-webgpu-core": "^0.5.6",
        "@webgpu/glslang": "^0.0.15",
        "@webgpu/types": "^0.0.31",
        "gl-matrix": "^3.1.0",
        "hammerjs": "^2.0.8",
        "inversify": "^5.0.1",
        "inversify-inject-decorators": "^3.1.0",
        "probe.gl": "^3.1.1",
        "reflect-metadata": "^0.1.13",
        "regl": "^1.3.11"
      }
    },
    "@antv/layout": {
      "version": "0.1.10",
      "resolved": "https://bnpm.byted.org/@antv/layout/-/@antv/layout-0.1.10.tgz",
      "integrity": "sha1-ATugz1FcfOd2AMzcArqcFZoFK9Y=",
      "requires": {
        "@antv/g-webgpu": "0.5.5",
        "d3-force": "^2.0.1",
        "dagre": "^0.8.5",
        "ml-matrix": "^6.5.0"
      }
    },
    "@antv/x6": {
      "version": "1.12.31",
      "resolved": "https://bnpm.byted.org/@antv/x6/-/@antv/x6-1.12.31.tgz",
      "integrity": "sha1-anJtBa+csd8qz1+seWBlM3dUCuI=",
      "requires": {
        "csstype": "^3.0.3",
        "jquery": "^3.5.1",
        "jquery-mousewheel": "^3.1.13",
        "lodash-es": "^4.17.15",
        "mousetrap": "^1.6.5",
        "utility-types": "^3.10.0"
      }
    },
    "@babel/runtime": {
      "version": "7.13.10",
      "resolved": "https://bnpm.byted.org/@babel/runtime/-/@babel/runtime-7.13.10.tgz",
      "integrity": "sha1-R9QqV7YJX0Ro2kQDiP262L6/DX0=",
      "requires": {
        "regenerator-runtime": "^0.13.4"
      }
    },
    "@probe.gl/stats": {
      "version": "3.3.1",
      "resolved": "https://bnpm.byted.org/@probe.gl/stats/-/@probe.gl/stats-3.3.1.tgz",
      "integrity": "sha1-YRnEzpeEIOoIRkqvF3PZg9StnGY=",
      "requires": {
        "@babel/runtime": "^7.0.0"
      }
    },
    "@webgpu/glslang": {
      "version": "0.0.15",
      "resolved": "https://bnpm.byted.org/@webgpu/glslang/-/@webgpu/glslang-0.0.15.tgz",
      "integrity": "sha1-9cyvYBUkHmF19LkJBrBT+ISD0fI="
    },
    "@webgpu/types": {
      "version": "0.0.31",
      "resolved": "https://bnpm.byted.org/@webgpu/types/-/@webgpu/types-0.0.31.tgz",
      "integrity": "sha1-wF7G5gAkvxg28xI27NdnepaaKiw="
    },
    "csstype": {
      "version": "3.0.6",
      "resolved": "https://bnpm.byted.org/csstype/-/csstype-3.0.6.tgz",
      "integrity": "sha1-hl0LWDPX2NQPTluKbXauo95HJe8="
    },
    "d3-dispatch": {
      "version": "2.0.0",
      "resolved": "https://bnpm.byted.org/d3-dispatch/-/d3-dispatch-2.0.0.tgz",
      "integrity": "sha1-ihjhb3bdP8rvQhY8l7kmqptV588="
    },
    "d3-force": {
      "version": "2.1.1",
      "resolved": "https://bnpm.byted.org/d3-force/-/d3-force-2.1.1.tgz",
      "integrity": "sha1-8gzL8ebJ6ArdGSbwm1H2hqi8CTc=",
      "requires": {
        "d3-dispatch": "1 - 2",
        "d3-quadtree": "1 - 2",
        "d3-timer": "1 - 2"
      }
    },
    "d3-quadtree": {
      "version": "2.0.0",
      "resolved": "https://bnpm.byted.org/d3-quadtree/-/d3-quadtree-2.0.0.tgz",
      "integrity": "sha1-7brQRc74hwH2/uOu6Ok/szLTD50="
    },
    "d3-timer": {
      "version": "2.0.0",
      "resolved": "https://bnpm.byted.org/d3-timer/-/d3-timer-2.0.0.tgz",
      "integrity": "sha1-BV7bHRcM/jGrLaiWje7pQLVmI+Y="
    },
    "dagre": {
      "version": "0.8.5",
      "resolved": "https://bnpm.byted.org/dagre/-/dagre-0.8.5.tgz",
      "integrity": "sha1-ujCwBV2sErbB/MJHgXRCd30Gr+4=",
      "requires": {
        "graphlib": "^2.1.8",
        "lodash": "^4.17.15"
      }
    },
    "eventemitter3": {
      "version": "4.0.7",
      "resolved": "https://bnpm.byted.org/eventemitter3/-/eventemitter3-4.0.7.tgz",
      "integrity": "sha1-Lem2j2Uo1WRO9cWVJqG0oHMGFp8="
    },
    "gl-matrix": {
      "version": "3.3.0",
      "resolved": "https://bnpm.byted.org/gl-matrix/-/gl-matrix-3.3.0.tgz",
      "integrity": "sha1-Iy7vYLHIswooy751ssr2xI/WNYs="
    },
    "gl-vec2": {
      "version": "1.3.0",
      "resolved": "https://bnpm.byted.org/gl-vec2/-/gl-vec2-1.3.0.tgz",
      "integrity": "sha1-g9Ry7UYDTejgnLyFcSP7bIHFEZk="
    },
    "graphlib": {
      "version": "2.1.8",
      "resolved": "https://bnpm.byted.org/graphlib/-/graphlib-2.1.8.tgz",
      "integrity": "sha1-V2HUFHN4cAhMkux7XbywWSydNdo=",
      "requires": {
        "lodash": "^4.17.15"
      }
    },
    "hammerjs": {
      "version": "2.0.8",
      "resolved": "https://bnpm.byted.org/hammerjs/-/hammerjs-2.0.8.tgz",
      "integrity": "sha1-BO93hiz/K7edMPdpIJWTAiK/YPE="
    },
    "inversify": {
      "version": "5.0.5",
      "resolved": "https://bnpm.byted.org/inversify/-/inversify-5.0.5.tgz",
      "integrity": "sha1-vR+ObY4Pc5MxrNi6m8lUY1quC78="
    },
    "inversify-inject-decorators": {
      "version": "3.1.0",
      "resolved": "https://bnpm.byted.org/inversify-inject-decorators/-/inversify-inject-decorators-3.1.0.tgz",
      "integrity": "sha1-2ZQQgLrXfOyKZe4p2QXk1dc+HpU="
    },
    "is-any-array": {
      "version": "0.1.1",
      "resolved": "https://bnpm.byted.org/is-any-array/-/is-any-array-0.1.1.tgz",
      "integrity": "sha1-UZd2FkMV/K0P2WqRPgJAmxg0b+8="
    },
    "jquery": {
      "version": "3.5.1",
      "resolved": "https://bnpm.byted.org/jquery/-/jquery-3.5.1.tgz",
      "integrity": "sha1-17TQjhv9uGrS8aPQOeoXMEcXq7U="
    },
    "jquery-mousewheel": {
      "version": "3.1.13",
      "resolved": "https://bnpm.byted.org/jquery-mousewheel/-/jquery-mousewheel-3.1.13.tgz",
      "integrity": "sha1-BvAzXxbjU6aV5yBr9QUDy1I6buU="
    },
    "lodash": {
      "version": "4.17.21",
      "resolved": "https://bnpm.byted.org/lodash/-/lodash-4.17.21.tgz",
      "integrity": "sha1-Z5WRxWTDv/quhFTPCz3zcMPWkRw="
    },
    "lodash-es": {
      "version": "4.17.20",
      "resolved": "https://bnpm.byted.org/lodash-es/-/lodash-es-4.17.20.tgz",
      "integrity": "sha1-KfYzLu/GDoSfhpwmS8cRJq1h6Pc="
    },
    "ml-array-max": {
      "version": "1.2.2",
      "resolved": "https://bnpm.byted.org/ml-array-max/-/ml-array-max-1.2.2.tgz",
      "integrity": "sha1-pgqHNH9DnE3OO4qcfdIjSUEcKi0=",
      "requires": {
        "is-any-array": "^0.1.0"
      }
    },
    "ml-array-min": {
      "version": "1.2.1",
      "resolved": "https://bnpm.byted.org/ml-array-min/-/ml-array-min-1.2.1.tgz",
      "integrity": "sha1-mptEpP11Q+Hf/HuFJllchD5sceI=",
      "requires": {
        "is-any-array": "^0.1.0"
      }
    },
    "ml-array-rescale": {
      "version": "1.3.4",
      "resolved": "https://bnpm.byted.org/ml-array-rescale/-/ml-array-rescale-1.3.4.tgz",
      "integrity": "sha1-YqpQyy3DCqy4bicBeSvsBaElIYo=",
      "requires": {
        "is-any-array": "^0.1.0",
        "ml-array-max": "^1.2.2",
        "ml-array-min": "^1.2.1"
      }
    },
    "ml-matrix": {
      "version": "6.7.0",
      "resolved": "https://bnpm.byted.org/ml-matrix/-/ml-matrix-6.7.0.tgz",
      "integrity": "sha1-WgDjB10i/lEGlnglJ+OlNnWG+BU=",
      "requires": {
        "ml-array-rescale": "^1.3.2"
      }
    },
    "mousetrap": {
      "version": "1.6.5",
      "resolved": "https://bnpm.byted.org/mousetrap/-/mousetrap-1.6.5.tgz",
      "integrity": "sha1-inZtjCcrCDk9X1YHTgtewYNIW/k="
    },
    "polyline-miter-util": {
      "version": "1.0.1",
      "resolved": "https://bnpm.byted.org/polyline-miter-util/-/polyline-miter-util-1.0.1.tgz",
      "integrity": "sha1-tpPyOJ6g3tNqa89ezS7OS2kX2Vc=",
      "requires": {
        "gl-vec2": "^1.0.0"
      }
    },
    "polyline-normals": {
      "version": "2.0.2",
      "resolved": "https://bnpm.byted.org/polyline-normals/-/polyline-normals-2.0.2.tgz",
      "integrity": "sha1-oXN+ddjA3MsaWR+csn8J7vS30TU=",
      "requires": {
        "polyline-miter-util": "^1.0.1"
      }
    },
    "probe.gl": {
      "version": "3.3.1",
      "resolved": "https://bnpm.byted.org/probe.gl/-/probe.gl-3.3.1.tgz",
      "integrity": "sha1-TWDQ6Jaqfu5qaxv+TVkSD30kf3o=",
      "requires": {
        "@babel/runtime": "^7.0.0",
        "@probe.gl/stats": "3.3.1"
      }
    },
    "reflect-metadata": {
      "version": "0.1.13",
      "resolved": "https://bnpm.byted.org/reflect-metadata/-/reflect-metadata-0.1.13.tgz",
      "integrity": "sha1-Z648pXyXKiqhZCsQ/jY/4y1J3Ag="
    },
    "regenerator-runtime": {
      "version": "0.13.7",
      "resolved": "https://bnpm.byted.org/regenerator-runtime/-/regenerator-runtime-0.13.7.tgz",
      "integrity": "sha1-ysLazIoepnX+qrrriugziYrkb1U="
    },
    "regl": {
      "version": "1.7.0",
      "resolved": "https://bnpm.byted.org/regl/-/regl-1.7.0.tgz",
      "integrity": "sha1-DRhUMQRKNWv4Dpt3WxG5Ne8nRtM="
    },
    "utility-types": {
      "version": "3.10.0",
      "resolved": "https://bnpm.byted.org/utility-types/-/utility-types-3.10.0.tgz",
      "integrity": "sha1-6kFI+adBAV8F7XT9YV4dIOa+2Cs="
    }
  }
}
