{
  "name": "learntween",
  "version": "1.0.0",
  "lockfileVersion": 1,
  "requires": true,
  "dependencies": {
    "@tweenjs/tween.js": {
      "version": "18.5.0",
      "resolved": "https://registry.npm.taobao.org/@tweenjs/tween.js/download/@tweenjs/tween.js-18.5.0.tgz",
      "integrity": "sha1-8qqeYFLGoxTYXJqANBRvmubU4zk="
    }
  }
}
