{
  "name": "learnecharts",
  "version": "1.0.0",
  "lockfileVersion": 1,
  "requires": true,
  "dependencies": {
    "echarts3": {
      "version": "npm:echarts@3.8.5",
      "resolved": "https://registry.npmjs.org/echarts/-/echarts-3.8.5.tgz",
      "integrity": "sha512-E+nnROMfCeiLeoT/fZyX8SE8mKzwkTjyemyoBF543oqjRtjTSKQAVDEihMXy4oC6pJS0tYGdMqCA2ATk8onyRg==",
      "requires": {
        "zrender": "3.7.4"
      }
    },
    "echarts5": {
      "version": "npm:echarts@5.4.0",
      "resolved": "https://registry.npmjs.org/echarts/-/echarts-5.4.0.tgz",
      "integrity": "sha512-uPsO9VRUIKAdFOoH3B0aNg7NRVdN7aM39/OjovjO9MwmWsAkfGyeXJhK+dbRi51iDrQWliXV60/XwLA7kg3z0w==",
      "requires": {
        "tslib": "2.3.0",
        "zrender": "5.4.0"
      },
      "dependencies": {
        "zrender": {
          "version": "5.4.0",
          "resolved": "https://registry.npmjs.org/zrender/-/zrender-5.4.0.tgz",
          "integrity": "sha512-rOS09Z2HSVGFs2dn/TuYk5BlCaZcVe8UDLLjj1ySYF828LATKKdxuakSZMvrDz54yiKPDYVfjdKqcX8Jky3BIA==",
          "requires": {
            "tslib": "2.3.0"
          }
        }
      }
    },
    "tslib": {
      "version": "2.3.0",
      "resolved": "https://registry.npmjs.org/tslib/-/tslib-2.3.0.tgz",
      "integrity": "sha512-N82ooyxVNm6h1riLCoyS9e3fuJ3AMG2zIZs2Gd1ATcSFjSA23Q0fzjjZeh0jbJvWVDZ0cJT8yaNNaaXHzueNjg=="
    },
    "zrender": {
      "version": "3.7.4",
      "resolved": "https://registry.npmjs.org/zrender/-/zrender-3.7.4.tgz",
      "integrity": "sha512-5Nz7+L1wIoL0+Pp/iOP56jD6eD017qC9VRSgUBheXBiAHgOBJZ4uh4/g6e83acIwa8RKSyZf/FlceKu5ntUuxQ=="
    }
  }
}
